{
  "name": "vitecodemirror",
  "version": "1.0.0",
  "lockfileVersion": 2,
  "requires": true,
  "packages": {
    "": {
      "name": "vitecodemirror",
      "version": "1.0.0",
      "license": "ISC",
      "devDependencies": {
        "@codemirror/lang-markdown": "^0.19.1",
        "@codemirror/state": "^0.19.1",
        "@codemirror/view": "^0.19.4"
      }
    },
    "node_modules/@codemirror/autocomplete": {
      "version": "0.19.3",
      "resolved": "https://registry.npmjs.org/@codemirror/autocomplete/-/autocomplete-0.19.3.tgz",
      "integrity": "sha512-5juP6hVrHAogzQ0JUTQuibE8j1seqeGNJ98qLUPuliI6kLBg5INS4qvUI1Brqye+wYPFu7UHqrrn13RLh5YSzw==",
      "dev": true,
      "dependencies": {
        "@codemirror/language": "^0.19.0",
        "@codemirror/state": "^0.19.0",
        "@codemirror/text": "^0.19.2",
        "@codemirror/tooltip": "^0.19.0",
        "@codemirror/view": "^0.19.0",
        "@lezer/common": "^0.15.0"
      }
    },
    "node_modules/@codemirror/highlight": {
      "version": "0.19.2",
      "resolved": "https://registry.npmjs.org/@codemirror/highlight/-/highlight-0.19.2.tgz",
      "integrity": "sha512-SSbGFCZMXeWhhG3sQ+YiN1ChONiXrx3vA1uYddgrglqdyFakotVe7mwiWOW0e7TKO5JfQKYdVJx0SIRXTIomXg==",
      "dev": true,
      "dependencies": {
        "@codemirror/language": "^0.19.0",
        "@codemirror/rangeset": "^0.19.0",
        "@codemirror/state": "^0.19.0",
        "@codemirror/view": "^0.19.0",
        "@lezer/common": "^0.15.0",
        "style-mod": "^4.0.0"
      }
    },
    "node_modules/@codemirror/lang-css": {
      "version": "0.19.1",
      "resolved": "https://registry.npmjs.org/@codemirror/lang-css/-/lang-css-0.19.1.tgz",
      "integrity": "sha512-Eo1B19MNtDPoAeGyExq4vQZ/T0uvRpZ5NzUfHJisNg0TrZ3/JiLlWNJFTT18bQborNOk36GdzL1Fj39+3gH2Lw==",
      "dev": true,
      "dependencies": {
        "@codemirror/autocomplete": "^0.19.0",
        "@codemirror/highlight": "^0.19.0",
        "@codemirror/language": "^0.19.0",
        "@codemirror/state": "^0.19.0",
        "@lezer/css": "^0.15.0"
      }
    },
    "node_modules/@codemirror/lang-html": {
      "version": "0.19.1",
      "resolved": "https://registry.npmjs.org/@codemirror/lang-html/-/lang-html-0.19.1.tgz",
      "integrity": "sha512-kQwkplKggcNok6gEVpG7Qx4IDFrwEHd99YWVNiOiRzPF019iSDAUmSv5Eh47yZPjF1VXOnm5FSIzgszzkYdiow==",
      "dev": true,
      "dependencies": {
        "@codemirror/autocomplete": "^0.19.0",
        "@codemirror/highlight": "^0.19.0",
        "@codemirror/lang-css": "^0.19.0",
        "@codemirror/lang-javascript": "^0.19.0",
        "@codemirror/language": "^0.19.0",
        "@codemirror/state": "^0.19.0",
        "@lezer/common": "^0.15.0",
        "@lezer/html": "^0.15.0"
      }
    },
    "node_modules/@codemirror/lang-javascript": {
      "version": "0.19.1",
      "resolved": "https://registry.npmjs.org/@codemirror/lang-javascript/-/lang-javascript-0.19.1.tgz",
      "integrity": "sha512-fFAP4nkfU36c14K8f6ytVYYeuX/2E7dJ+bD7UCZPWavXYjwdHAgDCJGH84MjhBSh0lMc908We80vyYg1j3MnRQ==",
      "dev": true,
      "dependencies": {
        "@codemirror/autocomplete": "^0.19.0",
        "@codemirror/highlight": "^0.19.0",
        "@codemirror/language": "^0.19.0",
        "@codemirror/lint": "^0.19.0",
        "@codemirror/state": "^0.19.0",
        "@codemirror/view": "^0.19.0",
        "@lezer/javascript": "^0.15.0"
      }
    },
    "node_modules/@codemirror/lang-markdown": {
      "version": "0.19.1",
      "resolved": "https://registry.npmjs.org/@codemirror/lang-markdown/-/lang-markdown-0.19.1.tgz",
      "integrity": "sha512-J79Y27G7rlDtEEe5ObtRhHeSpyHCClQUEin9D+22jQf41SDdND1f4Qxm2Q5itQGF9IvWBhqbfvSRYfj+1sTZrg==",
      "dev": true,
      "dependencies": {
        "@codemirror/highlight": "^0.19.0",
        "@codemirror/lang-html": "^0.19.0",
        "@codemirror/language": "^0.19.0",
        "@codemirror/state": "^0.19.0",
        "@codemirror/view": "^0.19.0",
        "@lezer/common": "^0.15.0",
        "@lezer/markdown": "^0.15.0"
      }
    },
    "node_modules/@codemirror/language": {
      "version": "0.19.2",
      "resolved": "https://registry.npmjs.org/@codemirror/language/-/language-0.19.2.tgz",
      "integrity": "sha512-Zz/gVezTknHhH2HcaMsYauxz06+3+IFU0nhhZmdTMcGbDL/ryQI2R543k9Zc58wA31lGa6uN+JzpZynEcGBwMQ==",
      "dev": true,
      "dependencies": {
        "@codemirror/state": "^0.19.0",
        "@codemirror/text": "^0.19.0",
        "@codemirror/view": "^0.19.0",
        "@lezer/common": "^0.15.0",
        "@lezer/lr": "^0.15.0"
      }
    },
    "node_modules/@codemirror/lint": {
      "version": "0.19.0",
      "resolved": "https://registry.npmjs.org/@codemirror/lint/-/lint-0.19.0.tgz",
      "integrity": "sha512-XjCIVJi2cUNlppwz0eGu0F93uFKJq1t2fupBQlDMr3hLmIxIRWjhvy66+Pw/ziH98XA8meLEGQX29umBAvym4w==",
      "dev": true,
      "dependencies": {
        "@codemirror/panel": "^0.19.0",
        "@codemirror/state": "^0.19.0",
        "@codemirror/tooltip": "^0.19.0",
        "@codemirror/view": "^0.19.0",
        "crelt": "^1.0.5"
      }
    },
    "node_modules/@codemirror/panel": {
      "version": "0.19.0",
      "resolved": "https://registry.npmjs.org/@codemirror/panel/-/panel-0.19.0.tgz",
      "integrity": "sha512-LJuu49xnuhaAztlhnLJQ57ddOirSyf8/lnl7twsQUG/05RkxodBZ9F7q8r5AOLqOkaQOy9WySEKX1Ur8lD9Q5w==",
      "dev": true,
      "dependencies": {
        "@codemirror/state": "^0.19.0",
        "@codemirror/view": "^0.19.0"
      }
    },
    "node_modules/@codemirror/rangeset": {
      "version": "0.19.1",
      "resolved": "https://registry.npmjs.org/@codemirror/rangeset/-/rangeset-0.19.1.tgz",
      "integrity": "sha512-WaKTEw8JB/3QFlQzpdgRoklopcWvG8O/Xp+rxxOfFKYTaeaejpY/tjpyBBg+Ea65Ka3m7+pPp9d5j/oR2rd9NA==",
      "dev": true,
      "dependencies": {
        "@codemirror/state": "^0.19.0"
      }
    },
    "node_modules/@codemirror/state": {
      "version": "0.19.1",
      "resolved": "https://registry.npmjs.org/@codemirror/state/-/state-0.19.1.tgz",
      "integrity": "sha512-5NR6/h+pVp7d77F4rLpNWcYvARCvqXa1uayoNx06d1aEm6wy/K+3lxTg7taB/qaEKd+oCsSHjRL8oSE1Fm+nsw==",
      "dev": true,
      "dependencies": {
        "@codemirror/text": "^0.19.0"
      }
    },
    "node_modules/@codemirror/text": {
      "version": "0.19.2",
      "resolved": "https://registry.npmjs.org/@codemirror/text/-/text-0.19.2.tgz",
      "integrity": "sha512-nxMSwcMLan5OSfoK5cFrCeRWGq2mx/hUdybcP0XHbfM9l00xi9loJGo4bfZs8PJCEgF8LyEYVta+7yDzZAzHUw==",
      "dev": true
    },
    "node_modules/@codemirror/tooltip": {
      "version": "0.19.2",
      "resolved": "https://registry.npmjs.org/@codemirror/tooltip/-/tooltip-0.19.2.tgz",
      "integrity": "sha512-FMMGGLrr62Ck54NEz8yTGpgo8ihobAsC3sbeQg+OpY4jv9dt1yIP5B9LzsIV+TXQB57JZQZxtTqzkhnFq76haw==",
      "dev": true,
      "dependencies": {
        "@codemirror/state": "^0.19.0",
        "@codemirror/view": "^0.19.0"
      }
    },
    "node_modules/@codemirror/view": {
      "version": "0.19.4",
      "resolved": "https://registry.npmjs.org/@codemirror/view/-/view-0.19.4.tgz",
      "integrity": "sha512-yfJ6zdxQOnNIkZqrAyPPdU1/qeucjp5NzvfZfrI1X5niWvwd8re/o9MUeG+nvOmtac+uKmXYUU9dRZUFCAOcaQ==",
      "dev": true,
      "dependencies": {
        "@codemirror/rangeset": "^0.19.0",
        "@codemirror/state": "^0.19.0",
        "@codemirror/text": "^0.19.0",
        "style-mod": "^4.0.0",
        "w3c-keyname": "^2.2.4"
      }
    },
    "node_modules/@lezer/common": {
      "version": "0.15.4",
      "resolved": "https://registry.npmjs.org/@lezer/common/-/common-0.15.4.tgz",
      "integrity": "sha512-+n/fKtcvw2qp/WIaZCR2HNzoB70Pwa9hQ8xFU86sDbZr9PYf2HX0qaG3N9Q/XCQHJeaB+GOh/XY9jHMWw4h6Ow==",
      "dev": true
    },
    "node_modules/@lezer/css": {
      "version": "0.15.1",
      "resolved": "https://registry.npmjs.org/@lezer/css/-/css-0.15.1.tgz",
      "integrity": "sha512-ywBytH6Tr12VFx88loNwObrN2uuDTWIgf4tNCHmTu4ClhfY0cYNcyTqxWx62f3XymTfjX4Ms4eimq17MpEVqqQ==",
      "dev": true,
      "dependencies": {
        "@lezer/lr": "^0.15.0"
      }
    },
    "node_modules/@lezer/html": {
      "version": "0.15.0",
      "resolved": "https://registry.npmjs.org/@lezer/html/-/html-0.15.0.tgz",
      "integrity": "sha512-ErmgP/Vv0AhYJvs/Ekb9oue4IzBHemKLi7K8tJ0jgS+20Y8FGC9foK6knCXtEHqdPaxVGQH9PVp7gecLnzLd9Q==",
      "dev": true,
      "dependencies": {
        "@lezer/lr": "^0.15.0"
      }
    },
    "node_modules/@lezer/javascript": {
      "version": "0.15.0",
      "resolved": "https://registry.npmjs.org/@lezer/javascript/-/javascript-0.15.0.tgz",
      "integrity": "sha512-euFjbbyYmxpBls9FyBAKnGLEjaMFqfHvhfueA7M1PitZdieHu8KSblutmcwjpWKIV4eH4uElMZO2cPVe0aFxXA==",
      "dev": true,
      "dependencies": {
        "@lezer/lr": "^0.15.0"
      }
    },
    "node_modules/@lezer/lr": {
      "version": "0.15.2",
      "resolved": "https://registry.npmjs.org/@lezer/lr/-/lr-0.15.2.tgz",
      "integrity": "sha512-gkQUkKCAw/zxOiTCGhjctV/C+FPmfwqXscM9EGgcYhUZewkLu2AsEl2Vlcral7xtDU0t6xwakT6Fw5jlMvMX6Q==",
      "dev": true,
      "dependencies": {
        "@lezer/common": "^0.15.0"
      }
    },
    "node_modules/@lezer/markdown": {
      "version": "0.15.0",
      "resolved": "https://registry.npmjs.org/@lezer/markdown/-/markdown-0.15.0.tgz",
      "integrity": "sha512-uaCWymcUIvVr7jxDki0V4wGOcSasFt9H8cS/tgk7FAHUpq622rCkmRgGpv8DtN74yNlShcl1jhdyoRhop1f69g==",
      "dev": true,
      "dependencies": {
        "@lezer/common": "^0.15.0"
      }
    },
    "node_modules/crelt": {
      "version": "1.0.5",
      "resolved": "https://registry.npmjs.org/crelt/-/crelt-1.0.5.tgz",
      "integrity": "sha512-+BO9wPPi+DWTDcNYhr/W90myha8ptzftZT+LwcmUbbok0rcP/fequmFYCw8NMoH7pkAZQzU78b3kYrlua5a9eA==",
      "dev": true
    },
    "node_modules/style-mod": {
      "version": "4.0.0",
      "resolved": "https://registry.npmjs.org/style-mod/-/style-mod-4.0.0.tgz",
      "integrity": "sha512-OPhtyEjyyN9x3nhPsu76f52yUGXiZcgvsrFVtvTkyGRQJ0XK+GPc6ov1z+lRpbeabka+MYEQxOYRnt5nF30aMw==",
      "dev": true
    },
    "node_modules/w3c-keyname": {
      "version": "2.2.4",
      "resolved": "https://registry.npmjs.org/w3c-keyname/-/w3c-keyname-2.2.4.tgz",
      "integrity": "sha512-tOhfEwEzFLJzf6d1ZPkYfGj+FWhIpBux9ppoP3rlclw3Z0BZv3N7b7030Z1kYth+6rDuAsXUFr+d0VE6Ed1ikw==",
      "dev": true
    }
  },
  "dependencies": {
    "@codemirror/autocomplete": {
      "version": "0.19.3",
      "resolved": "https://registry.npmjs.org/@codemirror/autocomplete/-/autocomplete-0.19.3.tgz",
      "integrity": "sha512-5juP6hVrHAogzQ0JUTQuibE8j1seqeGNJ98qLUPuliI6kLBg5INS4qvUI1Brqye+wYPFu7UHqrrn13RLh5YSzw==",
      "dev": true,
      "requires": {
        "@codemirror/language": "^0.19.0",
        "@codemirror/state": "^0.19.0",
        "@codemirror/text": "^0.19.2",
        "@codemirror/tooltip": "^0.19.0",
        "@codemirror/view": "^0.19.0",
        "@lezer/common": "^0.15.0"
      }
    },
    "@codemirror/highlight": {
      "version": "0.19.2",
      "resolved": "https://registry.npmjs.org/@codemirror/highlight/-/highlight-0.19.2.tgz",
      "integrity": "sha512-SSbGFCZMXeWhhG3sQ+YiN1ChONiXrx3vA1uYddgrglqdyFakotVe7mwiWOW0e7TKO5JfQKYdVJx0SIRXTIomXg==",
      "dev": true,
      "requires": {
        "@codemirror/language": "^0.19.0",
        "@codemirror/rangeset": "^0.19.0",
        "@codemirror/state": "^0.19.0",
        "@codemirror/view": "^0.19.0",
        "@lezer/common": "^0.15.0",
        "style-mod": "^4.0.0"
      }
    },
    "@codemirror/lang-css": {
      "version": "0.19.1",
      "resolved": "https://registry.npmjs.org/@codemirror/lang-css/-/lang-css-0.19.1.tgz",
      "integrity": "sha512-Eo1B19MNtDPoAeGyExq4vQZ/T0uvRpZ5NzUfHJisNg0TrZ3/JiLlWNJFTT18bQborNOk36GdzL1Fj39+3gH2Lw==",
      "dev": true,
      "requires": {
        "@codemirror/autocomplete": "^0.19.0",
        "@codemirror/highlight": "^0.19.0",
        "@codemirror/language": "^0.19.0",
        "@codemirror/state": "^0.19.0",
        "@lezer/css": "^0.15.0"
      }
    },
    "@codemirror/lang-html": {
      "version": "0.19.1",
      "resolved": "https://registry.npmjs.org/@codemirror/lang-html/-/lang-html-0.19.1.tgz",
      "integrity": "sha512-kQwkplKggcNok6gEVpG7Qx4IDFrwEHd99YWVNiOiRzPF019iSDAUmSv5Eh47yZPjF1VXOnm5FSIzgszzkYdiow==",
      "dev": true,
      "requires": {
        "@codemirror/autocomplete": "^0.19.0",
        "@codemirror/highlight": "^0.19.0",
        "@codemirror/lang-css": "^0.19.0",
        "@codemirror/lang-javascript": "^0.19.0",
        "@codemirror/language": "^0.19.0",
        "@codemirror/state": "^0.19.0",
        "@lezer/common": "^0.15.0",
        "@lezer/html": "^0.15.0"
      }
    },
    "@codemirror/lang-javascript": {
      "version": "0.19.1",
      "resolved": "https://registry.npmjs.org/@codemirror/lang-javascript/-/lang-javascript-0.19.1.tgz",
      "integrity": "sha512-fFAP4nkfU36c14K8f6ytVYYeuX/2E7dJ+bD7UCZPWavXYjwdHAgDCJGH84MjhBSh0lMc908We80vyYg1j3MnRQ==",
      "dev": true,
      "requires": {
        "@codemirror/autocomplete": "^0.19.0",
        "@codemirror/highlight": "^0.19.0",
        "@codemirror/language": "^0.19.0",
        "@codemirror/lint": "^0.19.0",
        "@codemirror/state": "^0.19.0",
        "@codemirror/view": "^0.19.0",
        "@lezer/javascript": "^0.15.0"
      }
    },
    "@codemirror/lang-markdown": {
      "version": "0.19.1",
      "resolved": "https://registry.npmjs.org/@codemirror/lang-markdown/-/lang-markdown-0.19.1.tgz",
      "integrity": "sha512-J79Y27G7rlDtEEe5ObtRhHeSpyHCClQUEin9D+22jQf41SDdND1f4Qxm2Q5itQGF9IvWBhqbfvSRYfj+1sTZrg==",
      "dev": true,
      "requires": {
        "@codemirror/highlight": "^0.19.0",
        "@codemirror/lang-html": "^0.19.0",
        "@codemirror/language": "^0.19.0",
        "@codemirror/state": "^0.19.0",
        "@codemirror/view": "^0.19.0",
        "@lezer/common": "^0.15.0",
        "@lezer/markdown": "^0.15.0"
      }
    },
    "@codemirror/language": {
      "version": "0.19.2",
      "resolved": "https://registry.npmjs.org/@codemirror/language/-/language-0.19.2.tgz",
      "integrity": "sha512-Zz/gVezTknHhH2HcaMsYauxz06+3+IFU0nhhZmdTMcGbDL/ryQI2R543k9Zc58wA31lGa6uN+JzpZynEcGBwMQ==",
      "dev": true,
      "requires": {
        "@codemirror/state": "^0.19.0",
        "@codemirror/text": "^0.19.0",
        "@codemirror/view": "^0.19.0",
        "@lezer/common": "^0.15.0",
        "@lezer/lr": "^0.15.0"
      }
    },
    "@codemirror/lint": {
      "version": "0.19.0",
      "resolved": "https://registry.npmjs.org/@codemirror/lint/-/lint-0.19.0.tgz",
      "integrity": "sha512-XjCIVJi2cUNlppwz0eGu0F93uFKJq1t2fupBQlDMr3hLmIxIRWjhvy66+Pw/ziH98XA8meLEGQX29umBAvym4w==",
      "dev": true,
      "requires": {
        "@codemirror/panel": "^0.19.0",
        "@codemirror/state": "^0.19.0",
        "@codemirror/tooltip": "^0.19.0",
        "@codemirror/view": "^0.19.0",
        "crelt": "^1.0.5"
      }
    },
    "@codemirror/panel": {
      "version": "0.19.0",
      "resolved": "https://registry.npmjs.org/@codemirror/panel/-/panel-0.19.0.tgz",
      "integrity": "sha512-LJuu49xnuhaAztlhnLJQ57ddOirSyf8/lnl7twsQUG/05RkxodBZ9F7q8r5AOLqOkaQOy9WySEKX1Ur8lD9Q5w==",
      "dev": true,
      "requires": {
        "@codemirror/state": "^0.19.0",
        "@codemirror/view": "^0.19.0"
      }
    },
    "@codemirror/rangeset": {
      "version": "0.19.1",
      "resolved": "https://registry.npmjs.org/@codemirror/rangeset/-/rangeset-0.19.1.tgz",
      "integrity": "sha512-WaKTEw8JB/3QFlQzpdgRoklopcWvG8O/Xp+rxxOfFKYTaeaejpY/tjpyBBg+Ea65Ka3m7+pPp9d5j/oR2rd9NA==",
      "dev": true,
      "requires": {
        "@codemirror/state": "^0.19.0"
      }
    },
    "@codemirror/state": {
      "version": "0.19.1",
      "resolved": "https://registry.npmjs.org/@codemirror/state/-/state-0.19.1.tgz",
      "integrity": "sha512-5NR6/h+pVp7d77F4rLpNWcYvARCvqXa1uayoNx06d1aEm6wy/K+3lxTg7taB/qaEKd+oCsSHjRL8oSE1Fm+nsw==",
      "dev": true,
      "requires": {
        "@codemirror/text": "^0.19.0"
      }
    },
    "@codemirror/text": {
      "version": "0.19.2",
      "resolved": "https://registry.npmjs.org/@codemirror/text/-/text-0.19.2.tgz",
      "integrity": "sha512-nxMSwcMLan5OSfoK5cFrCeRWGq2mx/hUdybcP0XHbfM9l00xi9loJGo4bfZs8PJCEgF8LyEYVta+7yDzZAzHUw==",
      "dev": true
    },
    "@codemirror/tooltip": {
      "version": "0.19.2",
      "resolved": "https://registry.npmjs.org/@codemirror/tooltip/-/tooltip-0.19.2.tgz",
      "integrity": "sha512-FMMGGLrr62Ck54NEz8yTGpgo8ihobAsC3sbeQg+OpY4jv9dt1yIP5B9LzsIV+TXQB57JZQZxtTqzkhnFq76haw==",
      "dev": true,
      "requires": {
        "@codemirror/state": "^0.19.0",
        "@codemirror/view": "^0.19.0"
      }
    },
    "@codemirror/view": {
      "version": "0.19.4",
      "resolved": "https://registry.npmjs.org/@codemirror/view/-/view-0.19.4.tgz",
      "integrity": "sha512-yfJ6zdxQOnNIkZqrAyPPdU1/qeucjp5NzvfZfrI1X5niWvwd8re/o9MUeG+nvOmtac+uKmXYUU9dRZUFCAOcaQ==",
      "dev": true,
      "requires": {
        "@codemirror/rangeset": "^0.19.0",
        "@codemirror/state": "^0.19.0",
        "@codemirror/text": "^0.19.0",
        "style-mod": "^4.0.0",
        "w3c-keyname": "^2.2.4"
      }
    },
    "@lezer/common": {
      "version": "0.15.4",
      "resolved": "https://registry.npmjs.org/@lezer/common/-/common-0.15.4.tgz",
      "integrity": "sha512-+n/fKtcvw2qp/WIaZCR2HNzoB70Pwa9hQ8xFU86sDbZr9PYf2HX0qaG3N9Q/XCQHJeaB+GOh/XY9jHMWw4h6Ow==",
      "dev": true
    },
    "@lezer/css": {
      "version": "0.15.1",
      "resolved": "https://registry.npmjs.org/@lezer/css/-/css-0.15.1.tgz",
      "integrity": "sha512-ywBytH6Tr12VFx88loNwObrN2uuDTWIgf4tNCHmTu4ClhfY0cYNcyTqxWx62f3XymTfjX4Ms4eimq17MpEVqqQ==",
      "dev": true,
      "requires": {
        "@lezer/lr": "^0.15.0"
      }
    },
    "@lezer/html": {
      "version": "0.15.0",
      "resolved": "https://registry.npmjs.org/@lezer/html/-/html-0.15.0.tgz",
      "integrity": "sha512-ErmgP/Vv0AhYJvs/Ekb9oue4IzBHemKLi7K8tJ0jgS+20Y8FGC9foK6knCXtEHqdPaxVGQH9PVp7gecLnzLd9Q==",
      "dev": true,
      "requires": {
        "@lezer/lr": "^0.15.0"
      }
    },
    "@lezer/javascript": {
      "version": "0.15.0",
      "resolved": "https://registry.npmjs.org/@lezer/javascript/-/javascript-0.15.0.tgz",
      "integrity": "sha512-euFjbbyYmxpBls9FyBAKnGLEjaMFqfHvhfueA7M1PitZdieHu8KSblutmcwjpWKIV4eH4uElMZO2cPVe0aFxXA==",
      "dev": true,
      "requires": {
        "@lezer/lr": "^0.15.0"
      }
    },
    "@lezer/lr": {
      "version": "0.15.2",
      "resolved": "https://registry.npmjs.org/@lezer/lr/-/lr-0.15.2.tgz",
      "integrity": "sha512-gkQUkKCAw/zxOiTCGhjctV/C+FPmfwqXscM9EGgcYhUZewkLu2AsEl2Vlcral7xtDU0t6xwakT6Fw5jlMvMX6Q==",
      "dev": true,
      "requires": {
        "@lezer/common": "^0.15.0"
      }
    },
    "@lezer/markdown": {
      "version": "0.15.0",
      "resolved": "https://registry.npmjs.org/@lezer/markdown/-/markdown-0.15.0.tgz",
      "integrity": "sha512-uaCWymcUIvVr7jxDki0V4wGOcSasFt9H8cS/tgk7FAHUpq622rCkmRgGpv8DtN74yNlShcl1jhdyoRhop1f69g==",
      "dev": true,
      "requires": {
        "@lezer/common": "^0.15.0"
      }
    },
    "crelt": {
      "version": "1.0.5",
      "resolved": "https://registry.npmjs.org/crelt/-/crelt-1.0.5.tgz",
      "integrity": "sha512-+BO9wPPi+DWTDcNYhr/W90myha8ptzftZT+LwcmUbbok0rcP/fequmFYCw8NMoH7pkAZQzU78b3kYrlua5a9eA==",
      "dev": true
    },
    "style-mod": {
      "version": "4.0.0",
      "resolved": "https://registry.npmjs.org/style-mod/-/style-mod-4.0.0.tgz",
      "integrity": "sha512-OPhtyEjyyN9x3nhPsu76f52yUGXiZcgvsrFVtvTkyGRQJ0XK+GPc6ov1z+lRpbeabka+MYEQxOYRnt5nF30aMw==",
      "dev": true
    },
    "w3c-keyname": {
      "version": "2.2.4",
      "resolved": "https://registry.npmjs.org/w3c-keyname/-/w3c-keyname-2.2.4.tgz",
      "integrity": "sha512-tOhfEwEzFLJzf6d1ZPkYfGj+FWhIpBux9ppoP3rlclw3Z0BZv3N7b7030Z1kYth+6rDuAsXUFr+d0VE6Ed1ikw==",
      "dev": true
    }
  }
}
